
Microsoft Visual Studio Solution File, Format Version 12.00
# Visual Studio Version 17
VisualStudioVersion = 17.5.002.0
MinimumVisualStudioVersion = 10.0.40219.1
Project("{9A19103F-16F7-4668-BE54-9A1E7A4F7556}") = "ProjetoFinal", "ProjetoFinal.csproj", "{D7B765CA-996C-4E3D-A9ED-0994E5E688D4}"
EndProject
Global
	GlobalSection(SolutionConfigurationPlatforms) = preSolution
		Debug|Any CPU = Debug|Any CPU
		Release|Any CPU = Release|Any CPU
	EndGlobalSection
	GlobalSection(ProjectConfigurationPlatforms) = postSolution
		{D7B765CA-996C-4E3D-A9ED-0994E5E688D4}.Debug|Any CPU.ActiveCfg = Debug|Any CPU
		{D7B765CA-996C-4E3D-A9ED-0994E5E688D4}.Debug|Any CPU.Build.0 = Debug|Any CPU
		{D7B765CA-996C-4E3D-A9ED-0994E5E688D4}.Release|Any CPU.ActiveCfg = Release|Any CPU
		{D7B765CA-996C-4E3D-A9ED-0994E5E688D4}.Release|Any CPU.Build.0 = Release|Any CPU
	EndGlobalSection
	GlobalSection(SolutionProperties) = preSolution
		HideSolutionNode = FALSE
	EndGlobalSection
	GlobalSection(ExtensibilityGlobals) = postSolution
		SolutionGuid = {554CBE6A-EDA6-48C1-83D5-7D1DC462BA9C}
	EndGlobalSection
EndGlobal
